Microsoft Visual Studio Solution File, Format Version 12.00
# Visual Studio Version 17
VisualStudioVersion = 17.5.2.0
MinimumVisualStudioVersion = 10.0.40219.1
Project("{FAE04EC0-301F-11D3-BF4B-00C04F79EFBC}") = "stillmind-api", "stillmind-api\stillmind-api.csproj", "{D25CDA35-2939-58CF-10FA-9D879D6723C2}"
EndProject
Global
	GlobalSection(SolutionConfigurationPlatforms) = preSolution
		Debug|Any CPU = Debug|Any CPU
		Release|Any CPU = Release|Any CPU
	EndGlobalSection
	GlobalSection(ProjectConfigurationPlatforms) = postSolution
		{D25CDA35-2939-58CF-10FA-9D879D6723C2}.Debug|Any CPU.ActiveCfg = Debug|Any CPU
		{D25CDA35-2939-58CF-10FA-9D879D6723C2}.Debug|Any CPU.Build.0 = Debug|Any CPU
		{D25CDA35-2939-58CF-10FA-9D879D6723C2}.Release|Any CPU.ActiveCfg = Release|Any CPU
		{D25CDA35-2939-58CF-10FA-9D879D6723C2}.Release|Any CPU.Build.0 = Release|Any CPU
	EndGlobalSection
	GlobalSection(SolutionProperties) = preSolution
		HideSolutionNode = FALSE
	EndGlobalSection
	GlobalSection(ExtensibilityGlobals) = postSolution
		SolutionGuid = {150D49AD-50C0-4887-9FD4-D241A6D0AD9C}
	EndGlobalSection
EndGlobal
